// !$*UTF8*$!
{
	archiveVersion = 1;
	classes = {
	};
	objectVersion = 56;
	objects = {

/* Begin PBXBuildFile section */
		34172A422CE156E7006FB62E /* AppDelegate.swift in Sources */ = {isa = PBXBuildFile; fileRef = 34172A412CE156E7006FB62E /* AppDelegate.swift */; };
		34172A442CE156E7006FB62E /* SceneDelegate.swift in Sources */ = {isa = PBXBuildFile; fileRef = 34172A432CE156E7006FB62E /* SceneDelegate.swift */; };
		34172A462CE156E7006FB62E /* ViewController.swift in Sources */ = {isa = PBXBuildFile; fileRef = 34172A452CE156E7006FB62E /* ViewController.swift */; };
		34172A492CE156E7006FB62E /* Main.storyboard in Resources */ = {isa = PBXBuildFile; fileRef = 34172A472CE156E7006FB62E /* Main.storyboard */; };
		34172A4E2CE156EA006FB62E /* Assets.xcassets in Resources */ = {isa = PBXBuildFile; fileRef = 34172A4D2CE156EA006FB62E /* Assets.xcassets */; };
		34172A512CE156EA006FB62E /* LaunchScreen.storyboard in Resources */ = {isa = PBXBuildFile; fileRef = 34172A4F2CE156EA006FB62E /* LaunchScreen.storyboard */; };
		34172A5C2CE161BE006FB62E /* CategoryViewController.swift in Sources */ = {isa = PBXBuildFile; fileRef = 34172A5B2CE161BE006FB62E /* CategoryViewController.swift */; };
		345739632CE8F62700ED5AC2 /* RealmSwift in Frameworks */ = {isa = PBXBuildFile; productRef = 345739622CE8F62700ED5AC2 /* RealmSwift */; };
		345739652CE92F4F00ED5AC2 /* Item.swift in Sources */ = {isa = PBXBuildFile; fileRef = 345739642CE92F4F00ED5AC2 /* Item.swift */; };
		345739672CE92F6400ED5AC2 /* Category.swift in Sources */ = {isa = PBXBuildFile; fileRef = 345739662CE92F6400ED5AC2 /* Category.swift */; };
		3457396D2CFA54FB00ED5AC2 /* SwipeTableViewController.swift in Sources */ = {isa = PBXBuildFile; fileRef = 3457396C2CFA54FB00ED5AC2 /* SwipeTableViewController.swift */; };
		345739702D07B4B100ED5AC2 /* UIColor+Extensions.swift in Sources */ = {isa = PBXBuildFile; fileRef = 3457396F2D07B4B100ED5AC2 /* UIColor+Extensions.swift */; };
		C3354F28D81F6EA09DD000D4 /* Pods_Todoit.framework in Frameworks */ = {isa = PBXBuildFile; fileRef = E877DC8B1E2C866CA05C4E19 /* Pods_Todoit.framework */; };
/* End PBXBuildFile section */

/* Begin PBXFileReference section */
		34172A3E2CE156E7006FB62E /* Todoit.app */ = {isa = PBXFileReference; explicitFileType = wrapper.application; includeInIndex = 0; path = Todoit.app; sourceTree = BUILT_PRODUCTS_DIR; };
		34172A412CE156E7006FB62E /* AppDelegate.swift */ = {isa = PBXFileReference; lastKnownFileType = sourcecode.swift; path = AppDelegate.swift; sourceTree = "<group>"; };
		34172A432CE156E7006FB62E /* SceneDelegate.swift */ = {isa = PBXFileReference; lastKnownFileType = sourcecode.swift; path = SceneDelegate.swift; sourceTree = "<group>"; };
		34172A452CE156E7006FB62E /* ViewController.swift */ = {isa = PBXFileReference; lastKnownFileType = sourcecode.swift; path = ViewController.swift; sourceTree = "<group>"; };
		34172A482CE156E7006FB62E /* Base */ = {isa = PBXFileReference; lastKnownFileType = file.storyboard; name = Base; path = Base.lproj/Main.storyboard; sourceTree = "<group>"; };
		34172A4D2CE156EA006FB62E /* Assets.xcassets */ = {isa = PBXFileReference; lastKnownFileType = folder.assetcatalog; path = Assets.xcassets; sourceTree = "<group>"; };
		34172A502CE156EA006FB62E /* Base */ = {isa = PBXFileReference; lastKnownFileType = file.storyboard; name = Base; path = Base.lproj/LaunchScreen.storyboard; sourceTree = "<group>"; };
		34172A522CE156EA006FB62E /* Info.plist */ = {isa = PBXFileReference; lastKnownFileType = text.plist.xml; path = Info.plist; sourceTree = "<group>"; };
		34172A5B2CE161BE006FB62E /* CategoryViewController.swift */ = {isa = PBXFileReference; lastKnownFileType = sourcecode.swift; path = CategoryViewController.swift; sourceTree = "<group>"; };
		345739642CE92F4F00ED5AC2 /* Item.swift */ = {isa = PBXFileReference; lastKnownFileType = sourcecode.swift; path = Item.swift; sourceTree = "<group>"; };
		345739662CE92F6400ED5AC2 /* Category.swift */ = {isa = PBXFileReference; lastKnownFileType = sourcecode.swift; path = Category.swift; sourceTree = "<group>"; };
		345739682CF9088300ED5AC2 /* SwipeCellKit.framework */ = {isa = PBXFileReference; explicitFileType = wrapper.framework; path = SwipeCellKit.framework; sourceTree = BUILT_PRODUCTS_DIR; };
		3457396C2CFA54FB00ED5AC2 /* SwipeTableViewController.swift */ = {isa = PBXFileReference; lastKnownFileType = sourcecode.swift; path = SwipeTableViewController.swift; sourceTree = "<group>"; };
		3457396F2D07B4B100ED5AC2 /* UIColor+Extensions.swift */ = {isa = PBXFileReference; lastKnownFileType = sourcecode.swift; path = "UIColor+Extensions.swift"; sourceTree = "<group>"; };
		76F1260DF56B1E307EC36CEE /* Pods-Todoit.release.xcconfig */ = {isa = PBXFileReference; includeInIndex = 1; lastKnownFileType = text.xcconfig; name = "Pods-Todoit.release.xcconfig"; path = "Target Support Files/Pods-Todoit/Pods-Todoit.release.xcconfig"; sourceTree = "<group>"; };
		CA5673AC53704FCE67D03D73 /* Pods-Todoit.debug.xcconfig */ = {isa = PBXFileReference; includeInIndex = 1; lastKnownFileType = text.xcconfig; name = "Pods-Todoit.debug.xcconfig"; path = "Target Support Files/Pods-Todoit/Pods-Todoit.debug.xcconfig"; sourceTree = "<group>"; };
		E877DC8B1E2C866CA05C4E19 /* Pods_Todoit.framework */ = {isa = PBXFileReference; explicitFileType = wrapper.framework; includeInIndex = 0; path = Pods_Todoit.framework; sourceTree = BUILT_PRODUCTS_DIR; };
/* End PBXFileReference section */

/* Begin PBXFrameworksBuildPhase section */
		34172A3B2CE156E7006FB62E /* Frameworks */ = {
			isa = PBXFrameworksBuildPhase;
			buildActionMask = 2147483647;
			files = (
				345739632CE8F62700ED5AC2 /* RealmSwift in Frameworks */,
				C3354F28D81F6EA09DD000D4 /* Pods_Todoit.framework in Frameworks */,
			);
			runOnlyForDeploymentPostprocessing = 0;
		};
/* End PBXFrameworksBuildPhase section */

/* Begin PBXGroup section */
		34172A352CE156E7006FB62E = {
			isa = PBXGroup;
			children = (
				34172A402CE156E7006FB62E /* Todoit */,
				34172A3F2CE156E7006FB62E /* Products */,
				D77F5B21B80CE872ED99D0F7 /* Pods */,
				8C98A13C2DA22FCE8E1A9968 /* Frameworks */,
			);
			sourceTree = "<group>";
		};
		34172A3F2CE156E7006FB62E /* Products */ = {
			isa = PBXGroup;
			children = (
				34172A3E2CE156E7006FB62E /* Todoit.app */,
			);
			name = Products;
			sourceTree = "<group>";
		};
		34172A402CE156E7006FB62E /* Todoit */ = {
			isa = PBXGroup;
			children = (
				3457396E2D07B46900ED5AC2 /* Extensions */,
				34172A412CE156E7006FB62E /* AppDelegate.swift */,
				34172A432CE156E7006FB62E /* SceneDelegate.swift */,
				34172A5A2CE15EFC006FB62E /* Data Model */,
				34172A592CE15D91006FB62E /* Views */,
				34172A582CE15D7A006FB62E /* Controllers */,
				34172A4D2CE156EA006FB62E /* Assets.xcassets */,
				34172A4F2CE156EA006FB62E /* LaunchScreen.storyboard */,
				34172A522CE156EA006FB62E /* Info.plist */,
			);
			path = Todoit;
			sourceTree = "<group>";
		};
		34172A582CE15D7A006FB62E /* Controllers */ = {
			isa = PBXGroup;
			children = (
				34172A5B2CE161BE006FB62E /* CategoryViewController.swift */,
				34172A452CE156E7006FB62E /* ViewController.swift */,
				3457396C2CFA54FB00ED5AC2 /* SwipeTableViewController.swift */,
			);
			path = Controllers;
			sourceTree = "<group>";
		};
		34172A592CE15D91006FB62E /* Views */ = {
			isa = PBXGroup;
			children = (
				34172A472CE156E7006FB62E /* Main.storyboard */,
			);
			path = Views;
			sourceTree = "<group>";
		};
		34172A5A2CE15EFC006FB62E /* Data Model */ = {
			isa = PBXGroup;
			children = (
				345739642CE92F4F00ED5AC2 /* Item.swift */,
				345739662CE92F6400ED5AC2 /* Category.swift */,
			);
			path = "Data Model";
			sourceTree = "<group>";
		};
		3457396E2D07B46900ED5AC2 /* Extensions */ = {
			isa = PBXGroup;
			children = (
				3457396F2D07B4B100ED5AC2 /* UIColor+Extensions.swift */,
			);
			path = Extensions;
			sourceTree = "<group>";
		};
		8C98A13C2DA22FCE8E1A9968 /* Frameworks */ = {
			isa = PBXGroup;
			children = (
				345739682CF9088300ED5AC2 /* SwipeCellKit.framework */,
				E877DC8B1E2C866CA05C4E19 /* Pods_Todoit.framework */,
			);
			name = Frameworks;
			sourceTree = "<group>";
		};
		D77F5B21B80CE872ED99D0F7 /* Pods */ = {
			isa = PBXGroup;
			children = (
				CA5673AC53704FCE67D03D73 /* Pods-Todoit.debug.xcconfig */,
				76F1260DF56B1E307EC36CEE /* Pods-Todoit.release.xcconfig */,
			);
			path = Pods;
			sourceTree = "<group>";
		};
/* End PBXGroup section */

/* Begin PBXNativeTarget section */
		34172A3D2CE156E7006FB62E /* Todoit */ = {
			isa = PBXNativeTarget;
			buildConfigurationList = 34172A552CE156EA006FB62E /* Build configuration list for PBXNativeTarget "Todoit" */;
			buildPhases = (
				06910CCDBDE5FA6AEE635509 /* [CP] Check Pods Manifest.lock */,
				34172A3A2CE156E7006FB62E /* Sources */,
				34172A3B2CE156E7006FB62E /* Frameworks */,
				34172A3C2CE156E7006FB62E /* Resources */,
				CED07A4603987F0D671E6E07 /* [CP] Embed Pods Frameworks */,
			);
			buildRules = (
			);
			dependencies = (
			);
			name = Todoit;
			packageProductDependencies = (
				345739622CE8F62700ED5AC2 /* RealmSwift */,
			);
			productName = Todoit;
			productReference = 34172A3E2CE156E7006FB62E /* Todoit.app */;
			productType = "com.apple.product-type.application";
		};
/* End PBXNativeTarget section */

/* Begin PBXProject section */
		34172A362CE156E7006FB62E /* Project object */ = {
			isa = PBXProject;
			attributes = {
				BuildIndependentTargetsInParallel = 1;
				LastSwiftUpdateCheck = 1520;
				LastUpgradeCheck = 1520;
				TargetAttributes = {
					34172A3D2CE156E7006FB62E = {
						CreatedOnToolsVersion = 15.2;
					};
				};
			};
			buildConfigurationList = 34172A392CE156E7006FB62E /* Build configuration list for PBXProject "Todoit" */;
			compatibilityVersion = "Xcode 14.0";
			developmentRegion = en;
			hasScannedForEncodings = 0;
			knownRegions = (
				en,
				Base,
			);
			mainGroup = 34172A352CE156E7006FB62E;
			packageReferences = (
				3457395F2CE8F62700ED5AC2 /* XCRemoteSwiftPackageReference "realm-swift" */,
			);
			productRefGroup = 34172A3F2CE156E7006FB62E /* Products */;
			projectDirPath = "";
			projectRoot = "";
			targets = (
				34172A3D2CE156E7006FB62E /* Todoit */,
			);
		};
/* End PBXProject section */

/* Begin PBXResourcesBuildPhase section */
		34172A3C2CE156E7006FB62E /* Resources */ = {
			isa = PBXResourcesBuildPhase;
			buildActionMask = 2147483647;
			files = (
				34172A512CE156EA006FB62E /* LaunchScreen.storyboard in Resources */,
				34172A4E2CE156EA006FB62E /* Assets.xcassets in Resources */,
				34172A492CE156E7006FB62E /* Main.storyboard in Resources */,
			);
			runOnlyForDeploymentPostprocessing = 0;
		};
/* End PBXResourcesBuildPhase section */

/* Begin PBXShellScriptBuildPhase section */
		06910CCDBDE5FA6AEE635509 /* [CP] Check Pods Manifest.lock */ = {
			isa = PBXShellScriptBuildPhase;
			buildActionMask = 2147483647;
			files = (
			);
			inputFileListPaths = (
			);
			inputPaths = (
				"${PODS_PODFILE_DIR_PATH}/Podfile.lock",
				"${PODS_ROOT}/Manifest.lock",
			);
			name = "[CP] Check Pods Manifest.lock";
			outputFileListPaths = (
			);
			outputPaths = (
				"$(DERIVED_FILE_DIR)/Pods-Todoit-checkManifestLockResult.txt",
			);
			runOnlyForDeploymentPostprocessing = 0;
			shellPath = /bin/sh;
			shellScript = "diff \"${PODS_PODFILE_DIR_PATH}/Podfile.lock\" \"${PODS_ROOT}/Manifest.lock\" > /dev/null\nif [ $? != 0 ] ; then\n    # print error to STDERR\n    echo \"error: The sandbox is not in sync with the Podfile.lock. Run 'pod install' or update your CocoaPods installation.\" >&2\n    exit 1\nfi\n# This output is used by Xcode 'outputs' to avoid re-running this script phase.\necho \"SUCCESS\" > \"${SCRIPT_OUTPUT_FILE_0}\"\n";
			showEnvVarsInLog = 0;
		};
		CED07A4603987F0D671E6E07 /* [CP] Embed Pods Frameworks */ = {
			isa = PBXShellScriptBuildPhase;
			buildActionMask = 2147483647;
			files = (
			);
			inputFileListPaths = (
				"${PODS_ROOT}/Target Support Files/Pods-Todoit/Pods-Todoit-frameworks-${CONFIGURATION}-input-files.xcfilelist",
			);
			name = "[CP] Embed Pods Frameworks";
			outputFileListPaths = (
				"${PODS_ROOT}/Target Support Files/Pods-Todoit/Pods-Todoit-frameworks-${CONFIGURATION}-output-files.xcfilelist",
			);
			runOnlyForDeploymentPostprocessing = 0;
			shellPath = /bin/sh;
			shellScript = "\"${PODS_ROOT}/Target Support Files/Pods-Todoit/Pods-Todoit-frameworks.sh\"\n";
			showEnvVarsInLog = 0;
		};
/* End PBXShellScriptBuildPhase section */

/* Begin PBXSourcesBuildPhase section */
		34172A3A2CE156E7006FB62E /* Sources */ = {
			isa = PBXSourcesBuildPhase;
			buildActionMask = 2147483647;
			files = (
				34172A5C2CE161BE006FB62E /* CategoryViewController.swift in Sources */,
				34172A462CE156E7006FB62E /* ViewController.swift in Sources */,
				34172A422CE156E7006FB62E /* AppDelegate.swift in Sources */,
				345739702D07B4B100ED5AC2 /* UIColor+Extensions.swift in Sources */,
				3457396D2CFA54FB00ED5AC2 /* SwipeTableViewController.swift in Sources */,
				345739652CE92F4F00ED5AC2 /* Item.swift in Sources */,
				34172A442CE156E7006FB62E /* SceneDelegate.swift in Sources */,
				345739672CE92F6400ED5AC2 /* Category.swift in Sources */,
			);
			runOnlyForDeploymentPostprocessing = 0;
		};
/* End PBXSourcesBuildPhase section */

/* Begin PBXVariantGroup section */
		34172A472CE156E7006FB62E /* Main.storyboard */ = {
			isa = PBXVariantGroup;
			children = (
				34172A482CE156E7006FB62E /* Base */,
			);
			name = Main.storyboard;
			sourceTree = "<group>";
		};
		34172A4F2CE156EA006FB62E /* LaunchScreen.storyboard */ = {
			isa = PBXVariantGroup;
			children = (
				34172A502CE156EA006FB62E /* Base */,
			);
			name = LaunchScreen.storyboard;
			sourceTree = "<group>";
		};
/* End PBXVariantGroup section */

/* Begin XCBuildConfiguration section */
		34172A532CE156EA006FB62E /* Debug */ = {
			isa = XCBuildConfiguration;
			buildSettings = {
				ALWAYS_SEARCH_USER_PATHS = NO;
				ASSETCATALOG_COMPILER_GENERATE_SWIFT_ASSET_SYMBOL_EXTENSIONS = YES;
				CLANG_ANALYZER_NONNULL = YES;
				CLANG_ANALYZER_NUMBER_OBJECT_CONVERSION = YES_AGGRESSIVE;
				CLANG_CXX_LANGUAGE_STANDARD = "gnu++20";
				CLANG_ENABLE_MODULES = YES;
				CLANG_ENABLE_OBJC_ARC = YES;
				CLANG_ENABLE_OBJC_WEAK = YES;
				CLANG_WARN_BLOCK_CAPTURE_AUTORELEASING = YES;
				CLANG_WARN_BOOL_CONVERSION = YES;
				CLANG_WARN_COMMA = YES;
				CLANG_WARN_CONSTANT_CONVERSION = YES;
				CLANG_WARN_DEPRECATED_OBJC_IMPLEMENTATIONS = YES;
				CLANG_WARN_DIRECT_OBJC_ISA_USAGE = YES_ERROR;
				CLANG_WARN_DOCUMENTATION_COMMENTS = YES;
				CLANG_WARN_EMPTY_BODY = YES;
				CLANG_WARN_ENUM_CONVERSION = YES;
				CLANG_WARN_INFINITE_RECURSION = YES;
				CLANG_WARN_INT_CONVERSION = YES;
				CLANG_WARN_NON_LITERAL_NULL_CONVERSION = YES;
				CLANG_WARN_OBJC_IMPLICIT_RETAIN_SELF = YES;
				CLANG_WARN_OBJC_LITERAL_CONVERSION = YES;
				CLANG_WARN_OBJC_ROOT_CLASS = YES_ERROR;
				CLANG_WARN_QUOTED_INCLUDE_IN_FRAMEWORK_HEADER = YES;
				CLANG_WARN_RANGE_LOOP_ANALYSIS = YES;
				CLANG_WARN_STRICT_PROTOTYPES = YES;
				CLANG_WARN_SUSPICIOUS_MOVE = YES;
				CLANG_WARN_UNGUARDED_AVAILABILITY = YES_AGGRESSIVE;
				CLANG_WARN_UNREACHABLE_CODE = YES;
				CLANG_WARN__DUPLICATE_METHOD_MATCH = YES;
				COPY_PHASE_STRIP = NO;
				DEBUG_INFORMATION_FORMAT = dwarf;
				ENABLE_STRICT_OBJC_MSGSEND = YES;
				ENABLE_TESTABILITY = YES;
				ENABLE_USER_SCRIPT_SANDBOXING = NO;
				GCC_C_LANGUAGE_STANDARD = gnu17;
				GCC_DYNAMIC_NO_PIC = NO;
				GCC_NO_COMMON_BLOCKS = YES;
				GCC_OPTIMIZATION_LEVEL = 0;
				GCC_PREPROCESSOR_DEFINITIONS = (
					"DEBUG=1",
					"$(inherited)",
				);
				GCC_WARN_64_TO_32_BIT_CONVERSION = YES;
				GCC_WARN_ABOUT_RETURN_TYPE = YES_ERROR;
				GCC_WARN_UNDECLARED_SELECTOR = YES;
				GCC_WARN_UNINITIALIZED_AUTOS = YES_AGGRESSIVE;
				GCC_WARN_UNUSED_FUNCTION = YES;
				GCC_WARN_UNUSED_VARIABLE = YES;
				IPHONEOS_DEPLOYMENT_TARGET = 17.2;
				LOCALIZATION_PREFERS_STRING_CATALOGS = YES;
				MTL_ENABLE_DEBUG_INFO = INCLUDE_SOURCE;
				MTL_FAST_MATH = YES;
				ONLY_ACTIVE_ARCH = YES;
				SDKROOT = iphoneos;
				SWIFT_ACTIVE_COMPILATION_CONDITIONS = "DEBUG $(inherited)";
				SWIFT_OPTIMIZATION_LEVEL = "-Onone";
			};
			name = Debug;
		};
		34172A542CE156EA006FB62E /* Release */ = {
			isa = XCBuildConfiguration;
			buildSettings = {
				ALWAYS_SEARCH_USER_PATHS = NO;
				ASSETCATALOG_COMPILER_GENERATE_SWIFT_ASSET_SYMBOL_EXTENSIONS = YES;
				CLANG_ANALYZER_NONNULL = YES;
				CLANG_ANALYZER_NUMBER_OBJECT_CONVERSION = YES_AGGRESSIVE;
				CLANG_CXX_LANGUAGE_STANDARD = "gnu++20";
				CLANG_ENABLE_MODULES = YES;
				CLANG_ENABLE_OBJC_ARC = YES;
				CLANG_ENABLE_OBJC_WEAK = YES;
				CLANG_WARN_BLOCK_CAPTURE_AUTORELEASING = YES;
				CLANG_WARN_BOOL_CONVERSION = YES;
				CLANG_WARN_COMMA = YES;
				CLANG_WARN_CONSTANT_CONVERSION = YES;
				CLANG_WARN_DEPRECATED_OBJC_IMPLEMENTATIONS = YES;
				CLANG_WARN_DIRECT_OBJC_ISA_USAGE = YES_ERROR;
				CLANG_WARN_DOCUMENTATION_COMMENTS = YES;
				CLANG_WARN_EMPTY_BODY = YES;
				CLANG_WARN_ENUM_CONVERSION = YES;
				CLANG_WARN_INFINITE_RECURSION = YES;
				CLANG_WARN_INT_CONVERSION = YES;
				CLANG_WARN_NON_LITERAL_NULL_CONVERSION = YES;
				CLANG_WARN_OBJC_IMPLICIT_RETAIN_SELF = YES;
				CLANG_WARN_OBJC_LITERAL_CONVERSION = YES;
				CLANG_WARN_OBJC_ROOT_CLASS = YES_ERROR;
				CLANG_WARN_QUOTED_INCLUDE_IN_FRAMEWORK_HEADER = YES;
				CLANG_WARN_RANGE_LOOP_ANALYSIS = YES;
				CLANG_WARN_STRICT_PROTOTYPES = YES;
				CLANG_WARN_SUSPICIOUS_MOVE = YES;
				CLANG_WARN_UNGUARDED_AVAILABILITY = YES_AGGRESSIVE;
				CLANG_WARN_UNREACHABLE_CODE = YES;
				CLANG_WARN__DUPLICATE_METHOD_MATCH = YES;
				COPY_PHASE_STRIP = NO;
				DEBUG_INFORMATION_FORMAT = "dwarf-with-dsym";
				ENABLE_NS_ASSERTIONS = NO;
				ENABLE_STRICT_OBJC_MSGSEND = YES;
				ENABLE_USER_SCRIPT_SANDBOXING = NO;
				GCC_C_LANGUAGE_STANDARD = gnu17;
				GCC_NO_COMMON_BLOCKS = YES;
				GCC_WARN_64_TO_32_BIT_CONVERSION = YES;
				GCC_WARN_ABOUT_RETURN_TYPE = YES_ERROR;
				GCC_WARN_UNDECLARED_SELECTOR = YES;
				GCC_WARN_UNINITIALIZED_AUTOS = YES_AGGRESSIVE;
				GCC_WARN_UNUSED_FUNCTION = YES;
				GCC_WARN_UNUSED_VARIABLE = YES;
				IPHONEOS_DEPLOYMENT_TARGET = 17.2;
				LOCALIZATION_PREFERS_STRING_CATALOGS = YES;
				MTL_ENABLE_DEBUG_INFO = NO;
				MTL_FAST_MATH = YES;
				SDKROOT = iphoneos;
				SWIFT_COMPILATION_MODE = wholemodule;
				VALIDATE_PRODUCT = YES;
			};
			name = Release;
		};
		34172A562CE156EA006FB62E /* Debug */ = {
			isa = XCBuildConfiguration;
			baseConfigurationReference = CA5673AC53704FCE67D03D73 /* Pods-Todoit.debug.xcconfig */;
			buildSettings = {
				ASSETCATALOG_COMPILER_APPICON_NAME = AppIcon;
				ASSETCATALOG_COMPILER_GLOBAL_ACCENT_COLOR_NAME = AccentColor;
				CODE_SIGN_STYLE = Automatic;
				CURRENT_PROJECT_VERSION = 1;
				DEVELOPMENT_TEAM = 94PAS7HRP9;
				GENERATE_INFOPLIST_FILE = YES;
				INFOPLIST_FILE = Todoit/Info.plist;
				INFOPLIST_KEY_UIApplicationSupportsIndirectInputEvents = YES;
				INFOPLIST_KEY_UILaunchStoryboardName = LaunchScreen;
				INFOPLIST_KEY_UIMainStoryboardFile = Main;
				INFOPLIST_KEY_UISupportedInterfaceOrientations_iPad = "UIInterfaceOrientationPortrait UIInterfaceOrientationPortraitUpsideDown UIInterfaceOrientationLandscapeLeft UIInterfaceOrientationLandscapeRight";
				INFOPLIST_KEY_UISupportedInterfaceOrientations_iPhone = "UIInterfaceOrientationPortrait UIInterfaceOrientationLandscapeLeft UIInterfaceOrientationLandscapeRight";
				LD_RUNPATH_SEARCH_PATHS = (
					"$(inherited)",
					"@executable_path/Frameworks",
				);
				MARKETING_VERSION = 1.0;
				PRODUCT_BUNDLE_IDENTIFIER = com.testmy.Todoit;
				PRODUCT_NAME = "$(TARGET_NAME)";
				SWIFT_EMIT_LOC_STRINGS = YES;
				SWIFT_VERSION = 5.0;
				TARGETED_DEVICE_FAMILY = "1,2";
			};
			name = Debug;
		};
		34172A572CE156EA006FB62E /* Release */ = {
			isa = XCBuildConfiguration;
			baseConfigurationReference = 76F1260DF56B1E307EC36CEE /* Pods-Todoit.release.xcconfig */;
			buildSettings = {
				ASSETCATALOG_COMPILER_APPICON_NAME = AppIcon;
				ASSETCATALOG_COMPILER_GLOBAL_ACCENT_COLOR_NAME = AccentColor;
				CODE_SIGN_STYLE = Automatic;
				CURRENT_PROJECT_VERSION = 1;
				DEVELOPMENT_TEAM = 94PAS7HRP9;
				GENERATE_INFOPLIST_FILE = YES;
				INFOPLIST_FILE = Todoit/Info.plist;
				INFOPLIST_KEY_UIApplicationSupportsIndirectInputEvents = YES;
				INFOPLIST_KEY_UILaunchStoryboardName = LaunchScreen;
				INFOPLIST_KEY_UIMainStoryboardFile = Main;
				INFOPLIST_KEY_UISupportedInterfaceOrientations_iPad = "UIInterfaceOrientationPortrait UIInterfaceOrientationPortraitUpsideDown UIInterfaceOrientationLandscapeLeft UIInterfaceOrientationLandscapeRight";
				INFOPLIST_KEY_UISupportedInterfaceOrientations_iPhone = "UIInterfaceOrientationPortrait UIInterfaceOrientationLandscapeLeft UIInterfaceOrientationLandscapeRight";
				LD_RUNPATH_SEARCH_PATHS = (
					"$(inherited)",
					"@executable_path/Frameworks",
				);
				MARKETING_VERSION = 1.0;
				PRODUCT_BUNDLE_IDENTIFIER = com.testmy.Todoit;
				PRODUCT_NAME = "$(TARGET_NAME)";
				SWIFT_EMIT_LOC_STRINGS = YES;
				SWIFT_VERSION = 5.0;
				TARGETED_DEVICE_FAMILY = "1,2";
			};
			name = Release;
		};
/* End XCBuildConfiguration section */

/* Begin XCConfigurationList section */
		34172A392CE156E7006FB62E /* Build configuration list for PBXProject "Todoit" */ = {
			isa = XCConfigurationList;
			buildConfigurations = (
				34172A532CE156EA006FB62E /* Debug */,
				34172A542CE156EA006FB62E /* Release */,
			);
			defaultConfigurationIsVisible = 0;
			defaultConfigurationName = Release;
		};
		34172A552CE156EA006FB62E /* Build configuration list for PBXNativeTarget "Todoit" */ = {
			isa = XCConfigurationList;
			buildConfigurations = (
				34172A562CE156EA006FB62E /* Debug */,
				34172A572CE156EA006FB62E /* Release */,
			);
			defaultConfigurationIsVisible = 0;
			defaultConfigurationName = Release;
		};
/* End XCConfigurationList section */

/* Begin XCRemoteSwiftPackageReference section */
		3457395F2CE8F62700ED5AC2 /* XCRemoteSwiftPackageReference "realm-swift" */ = {
			isa = XCRemoteSwiftPackageReference;
			repositoryURL = "https://github.com/realm/realm-swift.git";
			requirement = {
				kind = upToNextMajorVersion;
				minimumVersion = 10.53.1;
			};
		};
/* End XCRemoteSwiftPackageReference section */

/* Begin XCSwiftPackageProductDependency section */
		345739622CE8F62700ED5AC2 /* RealmSwift */ = {
			isa = XCSwiftPackageProductDependency;
			package = 3457395F2CE8F62700ED5AC2 /* XCRemoteSwiftPackageReference "realm-swift" */;
			productName = RealmSwift;
		};
/* End XCSwiftPackageProductDependency section */
	};
	rootObject = 34172A362CE156E7006FB62E /* Project object */;
}
